
Microsoft Visual Studio Solution File, Format Version 12.00
# Visual Studio Version 16
VisualStudioVersion = 16.0.32901.82
MinimumVisualStudioVersion = 10.0.40219.1
Project("{FAE04EC0-301F-11D3-BF4B-00C04F79EFBC}") = "Vistas", "Vistas.csproj", "{95D2E6C2-A90D-4733-8510-5791812D407F}"
EndProject
Project("{FAE04EC0-301F-11D3-BF4B-00C04F79EFBC}") = "Modelo", "..\Modelo\Modelo.csproj", "{A0AD5273-6773-43F3-9B7D-EE6CCDD09899}"
EndProject
Project("{FAE04EC0-301F-11D3-BF4B-00C04F79EFBC}") = "Controlador", "..\Controlador\Controlador.csproj", "{A0735390-A20A-4FA7-998F-BDD9DC138032}"
EndProject
Global
	GlobalSection(SolutionConfigurationPlatforms) = preSolution
		Debug|Any CPU = Debug|Any CPU
		Release|Any CPU = Release|Any CPU
	EndGlobalSection
	GlobalSection(ProjectConfigurationPlatforms) = postSolution
		{95D2E6C2-A90D-4733-8510-5791812D407F}.Debug|Any CPU.ActiveCfg = Debug|Any CPU
		{95D2E6C2-A90D-4733-8510-5791812D407F}.Debug|Any CPU.Build.0 = Debug|Any CPU
		{95D2E6C2-A90D-4733-8510-5791812D407F}.Release|Any CPU.ActiveCfg = Release|Any CPU
		{95D2E6C2-A90D-4733-8510-5791812D407F}.Release|Any CPU.Build.0 = Release|Any CPU
		{A0AD5273-6773-43F3-9B7D-EE6CCDD09899}.Debug|Any CPU.ActiveCfg = Debug|Any CPU
		{A0AD5273-6773-43F3-9B7D-EE6CCDD09899}.Debug|Any CPU.Build.0 = Debug|Any CPU
		{A0AD5273-6773-43F3-9B7D-EE6CCDD09899}.Release|Any CPU.ActiveCfg = Release|Any CPU
		{A0AD5273-6773-43F3-9B7D-EE6CCDD09899}.Release|Any CPU.Build.0 = Release|Any CPU
		{A0735390-A20A-4FA7-998F-BDD9DC138032}.Debug|Any CPU.ActiveCfg = Debug|Any CPU
		{A0735390-A20A-4FA7-998F-BDD9DC138032}.Debug|Any CPU.Build.0 = Debug|Any CPU
		{A0735390-A20A-4FA7-998F-BDD9DC138032}.Release|Any CPU.ActiveCfg = Release|Any CPU
		{A0735390-A20A-4FA7-998F-BDD9DC138032}.Release|Any CPU.Build.0 = Release|Any CPU
	EndGlobalSection
	GlobalSection(SolutionProperties) = preSolution
		HideSolutionNode = FALSE
	EndGlobalSection
	GlobalSection(ExtensibilityGlobals) = postSolution
		SolutionGuid = {E5E083F8-EB94-407A-873B-5429A49652DD}
	EndGlobalSection
EndGlobal
